{
  "name": "@sourbit/delaunay",
  "version": "0.1.0",
  "lockfileVersion": 2,
  "requires": true,
  "packages": {
    "": {
      "name": "@sourbit/delaunay",
      "version": "0.1.0",
      "license": "CC-BY-SA-4.0",
      "dependencies": {
        "@sourbit/geom": "github:nemostein/geom"
      }
    },
    "../Geom": {
      "name": "@sourbit/geom",
      "version": "0.1.0",
      "extraneous": true,
      "license": "CC-BY-SA-4.0"
    },
    "node_modules/@sourbit/geom": {
      "version": "0.1.0",
      "resolved": "git+ssh://git@github.com/nemostein/geom.git#cbe2b70343616472ed02c87414ce2a1e101ddee8",
      "license": "CC-BY-SA-4.0"
    }
  },
  "dependencies": {
    "@sourbit/geom": {
      "version": "git+ssh://git@github.com/nemostein/geom.git#cbe2b70343616472ed02c87414ce2a1e101ddee8",
      "from": "@sourbit/geom@nemostein/geom"
    }
  }
}
